
Microsoft Visual Studio Solution File, Format Version 12.00
# Visual Studio Version 17
VisualStudioVersion = 17.5.002.0
MinimumVisualStudioVersion = 10.0.40219.1
Project("{9A19103F-16F7-4668-BE54-9A1E7A4F7556}") = "triangle-type-identifier", "triangle-type-identifier.csproj", "{4CB956AC-B971-46AC-B1DD-B506C3EB68DD}"
EndProject
Global
	GlobalSection(SolutionConfigurationPlatforms) = preSolution
		Debug|Any CPU = Debug|Any CPU
		Release|Any CPU = Release|Any CPU
	EndGlobalSection
	GlobalSection(ProjectConfigurationPlatforms) = postSolution
		{4CB956AC-B971-46AC-B1DD-B506C3EB68DD}.Debug|Any CPU.ActiveCfg = Debug|Any CPU
		{4CB956AC-B971-46AC-B1DD-B506C3EB68DD}.Debug|Any CPU.Build.0 = Debug|Any CPU
		{4CB956AC-B971-46AC-B1DD-B506C3EB68DD}.Release|Any CPU.ActiveCfg = Release|Any CPU
		{4CB956AC-B971-46AC-B1DD-B506C3EB68DD}.Release|Any CPU.Build.0 = Release|Any CPU
	EndGlobalSection
	GlobalSection(SolutionProperties) = preSolution
		HideSolutionNode = FALSE
	EndGlobalSection
	GlobalSection(ExtensibilityGlobals) = postSolution
		SolutionGuid = {C8947C6C-8BF4-438E-A39E-888861487480}
	EndGlobalSection
EndGlobal
