
Microsoft Visual Studio Solution File, Format Version 12.00
# Visual Studio Version 17
VisualStudioVersion = 17.5.002.0
MinimumVisualStudioVersion = 10.0.40219.1
Project("{9A19103F-16F7-4668-BE54-9A1E7A4F7556}") = "ticket-price-calculator", "ticket-price-calculator.csproj", "{9DCAE665-E251-4447-B911-4D4A118673EE}"
EndProject
Global
	GlobalSection(SolutionConfigurationPlatforms) = preSolution
		Debug|Any CPU = Debug|Any CPU
		Release|Any CPU = Release|Any CPU
	EndGlobalSection
	GlobalSection(ProjectConfigurationPlatforms) = postSolution
		{9DCAE665-E251-4447-B911-4D4A118673EE}.Debug|Any CPU.ActiveCfg = Debug|Any CPU
		{9DCAE665-E251-4447-B911-4D4A118673EE}.Debug|Any CPU.Build.0 = Debug|Any CPU
		{9DCAE665-E251-4447-B911-4D4A118673EE}.Release|Any CPU.ActiveCfg = Release|Any CPU
		{9DCAE665-E251-4447-B911-4D4A118673EE}.Release|Any CPU.Build.0 = Release|Any CPU
	EndGlobalSection
	GlobalSection(SolutionProperties) = preSolution
		HideSolutionNode = FALSE
	EndGlobalSection
	GlobalSection(ExtensibilityGlobals) = postSolution
		SolutionGuid = {E85D7260-1C5C-4C33-A836-0A10BA8D36CE}
	EndGlobalSection
EndGlobal
